// !$*UTF8*$!
{
	archiveVersion = 1;
	classes = {
	};
	objectVersion = 50;
	objects = {

/* Begin PBXBuildFile section */
		A2DA32FE238210B6002A518E /* AppDelegate.swift in Sources */ = {isa = PBXBuildFile; fileRef = A2DA32FD238210B6002A518E /* AppDelegate.swift */; };
		A2DA3300238210B6002A518E /* SceneDelegate.swift in Sources */ = {isa = PBXBuildFile; fileRef = A2DA32FF238210B6002A518E /* SceneDelegate.swift */; };
		A2DA3305238210B6002A518E /* Main.storyboard in Resources */ = {isa = PBXBuildFile; fileRef = A2DA3303238210B6002A518E /* Main.storyboard */; };
		A2DA3307238210B7002A518E /* Assets.xcassets in Resources */ = {isa = PBXBuildFile; fileRef = A2DA3306238210B7002A518E /* Assets.xcassets */; };
		A2DA330A238210B7002A518E /* LaunchScreen.storyboard in Resources */ = {isa = PBXBuildFile; fileRef = A2DA3308238210B7002A518E /* LaunchScreen.storyboard */; };
		A2DA33122383108C002A518E /* GameViewController.swift in Sources */ = {isa = PBXBuildFile; fileRef = A2DA33112383108C002A518E /* GameViewController.swift */; };
/* End PBXBuildFile section */

/* Begin PBXFileReference section */
		A2DA32FA238210B6002A518E /* The Game Safe.app */ = {isa = PBXFileReference; explicitFileType = wrapper.application; includeInIndex = 0; path = "The Game Safe.app"; sourceTree = BUILT_PRODUCTS_DIR; };
		A2DA32FD238210B6002A518E /* AppDelegate.swift */ = {isa = PBXFileReference; lastKnownFileType = sourcecode.swift; path = AppDelegate.swift; sourceTree = "<group>"; };
		A2DA32FF238210B6002A518E /* SceneDelegate.swift */ = {isa = PBXFileReference; lastKnownFileType = sourcecode.swift; path = SceneDelegate.swift; sourceTree = "<group>"; };
		A2DA3304238210B6002A518E /* Base */ = {isa = PBXFileReference; lastKnownFileType = file.storyboard; name = Base; path = Base.lproj/Main.storyboard; sourceTree = "<group>"; };
		A2DA3306238210B7002A518E /* Assets.xcassets */ = {isa = PBXFileReference; lastKnownFileType = folder.assetcatalog; path = Assets.xcassets; sourceTree = "<group>"; };
		A2DA3309238210B7002A518E /* Base */ = {isa = PBXFileReference; lastKnownFileType = file.storyboard; name = Base; path = Base.lproj/LaunchScreen.storyboard; sourceTree = "<group>"; };
		A2DA330B238210B7002A518E /* Info.plist */ = {isa = PBXFileReference; lastKnownFileType = text.plist.xml; path = Info.plist; sourceTree = "<group>"; };
		A2DA33112383108C002A518E /* GameViewController.swift */ = {isa = PBXFileReference; lastKnownFileType = sourcecode.swift; path = GameViewController.swift; sourceTree = "<group>"; };
/* End PBXFileReference section */

/* Begin PBXFrameworksBuildPhase section */
		A2DA32F7238210B6002A518E /* Frameworks */ = {
			isa = PBXFrameworksBuildPhase;
			buildActionMask = 2147483647;
			files = (
			);
			runOnlyForDeploymentPostprocessing = 0;
		};
/* End PBXFrameworksBuildPhase section */

/* Begin PBXGroup section */
		A2DA32F1238210B6002A518E = {
			isa = PBXGroup;
			children = (
				A2DA32FC238210B6002A518E /* The Game Safe */,
				A2DA32FB238210B6002A518E /* Products */,
			);
			sourceTree = "<group>";
		};
		A2DA32FB238210B6002A518E /* Products */ = {
			isa = PBXGroup;
			children = (
				A2DA32FA238210B6002A518E /* The Game Safe.app */,
			);
			name = Products;
			sourceTree = "<group>";
		};
		A2DA32FC238210B6002A518E /* The Game Safe */ = {
			isa = PBXGroup;
			children = (
				A2DA32FD238210B6002A518E /* AppDelegate.swift */,
				A2DA32FF238210B6002A518E /* SceneDelegate.swift */,
				A2DA33112383108C002A518E /* GameViewController.swift */,
				A2DA3303238210B6002A518E /* Main.storyboard */,
				A2DA3306238210B7002A518E /* Assets.xcassets */,
				A2DA3308238210B7002A518E /* LaunchScreen.storyboard */,
				A2DA330B238210B7002A518E /* Info.plist */,
			);
			path = "The Game Safe";
			sourceTree = "<group>";
		};
/* End PBXGroup section */

/* Begin PBXNativeTarget section */
		A2DA32F9238210B6002A518E /* The Game Safe */ = {
			isa = PBXNativeTarget;
			buildConfigurationList = A2DA330E238210B7002A518E /* Build configuration list for PBXNativeTarget "The Game Safe" */;
			buildPhases = (
				A2DA32F6238210B6002A518E /* Sources */,
				A2DA32F7238210B6002A518E /* Frameworks */,
				A2DA32F8238210B6002A518E /* Resources */,
			);
			buildRules = (
			);
			dependencies = (
			);
			name = "The Game Safe";
			productName = "The Game Safe";
			productReference = A2DA32FA238210B6002A518E /* The Game Safe.app */;
			productType = "com.apple.product-type.application";
		};
/* End PBXNativeTarget section */

/* Begin PBXProject section */
		A2DA32F2238210B6002A518E /* Project object */ = {
			isa = PBXProject;
			attributes = {
				LastSwiftUpdateCheck = 1120;
				LastUpgradeCheck = 1120;
				ORGANIZATIONNAME = "Alex Shillingford";
				TargetAttributes = {
					A2DA32F9238210B6002A518E = {
						CreatedOnToolsVersion = 11.2.1;
					};
				};
			};
			buildConfigurationList = A2DA32F5238210B6002A518E /* Build configuration list for PBXProject "The Game Safe" */;
			compatibilityVersion = "Xcode 9.3";
			developmentRegion = en;
			hasScannedForEncodings = 0;
			knownRegions = (
				en,
				Base,
			);
			mainGroup = A2DA32F1238210B6002A518E;
			productRefGroup = A2DA32FB238210B6002A518E /* Products */;
			projectDirPath = "";
			projectRoot = "";
			targets = (
				A2DA32F9238210B6002A518E /* The Game Safe */,
			);
		};
/* End PBXProject section */

/* Begin PBXResourcesBuildPhase section */
		A2DA32F8238210B6002A518E /* Resources */ = {
			isa = PBXResourcesBuildPhase;
			buildActionMask = 2147483647;
			files = (
				A2DA330A238210B7002A518E /* LaunchScreen.storyboard in Resources */,
				A2DA3307238210B7002A518E /* Assets.xcassets in Resources */,
				A2DA3305238210B6002A518E /* Main.storyboard in Resources */,
			);
			runOnlyForDeploymentPostprocessing = 0;
		};
/* End PBXResourcesBuildPhase section */

/* Begin PBXSourcesBuildPhase section */
		A2DA32F6238210B6002A518E /* Sources */ = {
			isa = PBXSourcesBuildPhase;
			buildActionMask = 2147483647;
			files = (
				A2DA32FE238210B6002A518E /* AppDelegate.swift in Sources */,
				A2DA33122383108C002A518E /* GameViewController.swift in Sources */,
				A2DA3300238210B6002A518E /* SceneDelegate.swift in Sources */,
			);
			runOnlyForDeploymentPostprocessing = 0;
		};
/* End PBXSourcesBuildPhase section */

/* Begin PBXVariantGroup section */
		A2DA3303238210B6002A518E /* Main.storyboard */ = {
			isa = PBXVariantGroup;
			children = (
				A2DA3304238210B6002A518E /* Base */,
			);
			name = Main.storyboard;
			sourceTree = "<group>";
		};
		A2DA3308238210B7002A518E /* LaunchScreen.storyboard */ = {
			isa = PBXVariantGroup;
			children = (
				A2DA3309238210B7002A518E /* Base */,
			);
			name = LaunchScreen.storyboard;
			sourceTree = "<group>";
		};
/* End PBXVariantGroup section */

/* Begin XCBuildConfiguration section */
		A2DA330C238210B7002A518E /* Debug */ = {
			isa = XCBuildConfiguration;
			buildSettings = {
				ALWAYS_SEARCH_USER_PATHS = NO;
				CLANG_ANALYZER_NONNULL = YES;
				CLANG_ANALYZER_NUMBER_OBJECT_CONVERSION = YES_AGGRESSIVE;
				CLANG_CXX_LANGUAGE_STANDARD = "gnu++14";
				CLANG_CXX_LIBRARY = "libc++";
				CLANG_ENABLE_MODULES = YES;
				CLANG_ENABLE_OBJC_ARC = YES;
				CLANG_ENABLE_OBJC_WEAK = YES;
				CLANG_WARN_BLOCK_CAPTURE_AUTORELEASING = YES;
				CLANG_WARN_BOOL_CONVERSION = YES;
				CLANG_WARN_COMMA = YES;
				CLANG_WARN_CONSTANT_CONVERSION = YES;
				CLANG_WARN_DEPRECATED_OBJC_IMPLEMENTATIONS = YES;
				CLANG_WARN_DIRECT_OBJC_ISA_USAGE = YES_ERROR;
				CLANG_WARN_DOCUMENTATION_COMMENTS = YES;
				CLANG_WARN_EMPTY_BODY = YES;
				CLANG_WARN_ENUM_CONVERSION = YES;
				CLANG_WARN_INFINITE_RECURSION = YES;
				CLANG_WARN_INT_CONVERSION = YES;
				CLANG_WARN_NON_LITERAL_NULL_CONVERSION = YES;
				CLANG_WARN_OBJC_IMPLICIT_RETAIN_SELF = YES;
				CLANG_WARN_OBJC_LITERAL_CONVERSION = YES;
				CLANG_WARN_OBJC_ROOT_CLASS = YES_ERROR;
				CLANG_WARN_RANGE_LOOP_ANALYSIS = YES;
				CLANG_WARN_STRICT_PROTOTYPES = YES;
				CLANG_WARN_SUSPICIOUS_MOVE = YES;
				CLANG_WARN_UNGUARDED_AVAILABILITY = YES_AGGRESSIVE;
				CLANG_WARN_UNREACHABLE_CODE = YES;
				CLANG_WARN__DUPLICATE_METHOD_MATCH = YES;
				COPY_PHASE_STRIP = NO;
				DEBUG_INFORMATION_FORMAT = dwarf;
				ENABLE_STRICT_OBJC_MSGSEND = YES;
				ENABLE_TESTABILITY = YES;
				GCC_C_LANGUAGE_STANDARD = gnu11;
				GCC_DYNAMIC_NO_PIC = NO;
				GCC_NO_COMMON_BLOCKS = YES;
				GCC_OPTIMIZATION_LEVEL = 0;
				GCC_PREPROCESSOR_DEFINITIONS = (
					"DEBUG=1",
					"$(inherited)",
				);
				GCC_WARN_64_TO_32_BIT_CONVERSION = YES;
				GCC_WARN_ABOUT_RETURN_TYPE = YES_ERROR;
				GCC_WARN_UNDECLARED_SELECTOR = YES;
				GCC_WARN_UNINITIALIZED_AUTOS = YES_AGGRESSIVE;
				GCC_WARN_UNUSED_FUNCTION = YES;
				GCC_WARN_UNUSED_VARIABLE = YES;
				IPHONEOS_DEPLOYMENT_TARGET = 13.2;
				MTL_ENABLE_DEBUG_INFO = INCLUDE_SOURCE;
				MTL_FAST_MATH = YES;
				ONLY_ACTIVE_ARCH = YES;
				SDKROOT = iphoneos;
				SWIFT_ACTIVE_COMPILATION_CONDITIONS = DEBUG;
				SWIFT_OPTIMIZATION_LEVEL = "-Onone";
			};
			name = Debug;
		};
		A2DA330D238210B7002A518E /* Release */ = {
			isa = XCBuildConfiguration;
			buildSettings = {
				ALWAYS_SEARCH_USER_PATHS = NO;
				CLANG_ANALYZER_NONNULL = YES;
				CLANG_ANALYZER_NUMBER_OBJECT_CONVERSION = YES_AGGRESSIVE;
				CLANG_CXX_LANGUAGE_STANDARD = "gnu++14";
				CLANG_CXX_LIBRARY = "libc++";
				CLANG_ENABLE_MODULES = YES;
				CLANG_ENABLE_OBJC_ARC = YES;
				CLANG_ENABLE_OBJC_WEAK = YES;
				CLANG_WARN_BLOCK_CAPTURE_AUTORELEASING = YES;
				CLANG_WARN_BOOL_CONVERSION = YES;
				CLANG_WARN_COMMA = YES;
				CLANG_WARN_CONSTANT_CONVERSION = YES;
				CLANG_WARN_DEPRECATED_OBJC_IMPLEMENTATIONS = YES;
				CLANG_WARN_DIRECT_OBJC_ISA_USAGE = YES_ERROR;
				CLANG_WARN_DOCUMENTATION_COMMENTS = YES;
				CLANG_WARN_EMPTY_BODY = YES;
				CLANG_WARN_ENUM_CONVERSION = YES;
				CLANG_WARN_INFINITE_RECURSION = YES;
				CLANG_WARN_INT_CONVERSION = YES;
				CLANG_WARN_NON_LITERAL_NULL_CONVERSION = YES;
				CLANG_WARN_OBJC_IMPLICIT_RETAIN_SELF = YES;
				CLANG_WARN_OBJC_LITERAL_CONVERSION = YES;
				CLANG_WARN_OBJC_ROOT_CLASS = YES_ERROR;
				CLANG_WARN_RANGE_LOOP_ANALYSIS = YES;
				CLANG_WARN_STRICT_PROTOTYPES = YES;
				CLANG_WARN_SUSPICIOUS_MOVE = YES;
				CLANG_WARN_UNGUARDED_AVAILABILITY = YES_AGGRESSIVE;
				CLANG_WARN_UNREACHABLE_CODE = YES;
				CLANG_WARN__DUPLICATE_METHOD_MATCH = YES;
				COPY_PHASE_STRIP = NO;
				DEBUG_INFORMATION_FORMAT = "dwarf-with-dsym";
				ENABLE_NS_ASSERTIONS = NO;
				ENABLE_STRICT_OBJC_MSGSEND = YES;
				GCC_C_LANGUAGE_STANDARD = gnu11;
				GCC_NO_COMMON_BLOCKS = YES;
				GCC_WARN_64_TO_32_BIT_CONVERSION = YES;
				GCC_WARN_ABOUT_RETURN_TYPE = YES_ERROR;
				GCC_WARN_UNDECLARED_SELECTOR = YES;
				GCC_WARN_UNINITIALIZED_AUTOS = YES_AGGRESSIVE;
				GCC_WARN_UNUSED_FUNCTION = YES;
				GCC_WARN_UNUSED_VARIABLE = YES;
				IPHONEOS_DEPLOYMENT_TARGET = 13.2;
				MTL_ENABLE_DEBUG_INFO = NO;
				MTL_FAST_MATH = YES;
				SDKROOT = iphoneos;
				SWIFT_COMPILATION_MODE = wholemodule;
				SWIFT_OPTIMIZATION_LEVEL = "-O";
				VALIDATE_PRODUCT = YES;
			};
			name = Release;
		};
		A2DA330F238210B7002A518E /* Debug */ = {
			isa = XCBuildConfiguration;
			buildSettings = {
				ASSETCATALOG_COMPILER_APPICON_NAME = AppIcon;
				CODE_SIGN_STYLE = Automatic;
				DEVELOPMENT_TEAM = TX86F6EBCJ;
				INFOPLIST_FILE = "The Game Safe/Info.plist";
				LD_RUNPATH_SEARCH_PATHS = (
					"$(inherited)",
					"@executable_path/Frameworks",
				);
				PRODUCT_BUNDLE_IDENTIFIER = "com.shillwil.The-Game-Safe";
				PRODUCT_NAME = "$(TARGET_NAME)";
				SWIFT_VERSION = 5.0;
				TARGETED_DEVICE_FAMILY = "1,2";
			};
			name = Debug;
		};
		A2DA3310238210B7002A518E /* Release */ = {
			isa = XCBuildConfiguration;
			buildSettings = {
				ASSETCATALOG_COMPILER_APPICON_NAME = AppIcon;
				CODE_SIGN_STYLE = Automatic;
				DEVELOPMENT_TEAM = TX86F6EBCJ;
				INFOPLIST_FILE = "The Game Safe/Info.plist";
				LD_RUNPATH_SEARCH_PATHS = (
					"$(inherited)",
					"@executable_path/Frameworks",
				);
				PRODUCT_BUNDLE_IDENTIFIER = "com.shillwil.The-Game-Safe";
				PRODUCT_NAME = "$(TARGET_NAME)";
				SWIFT_VERSION = 5.0;
				TARGETED_DEVICE_FAMILY = "1,2";
			};
			name = Release;
		};
/* End XCBuildConfiguration section */

/* Begin XCConfigurationList section */
		A2DA32F5238210B6002A518E /* Build configuration list for PBXProject "The Game Safe" */ = {
			isa = XCConfigurationList;
			buildConfigurations = (
				A2DA330C238210B7002A518E /* Debug */,
				A2DA330D238210B7002A518E /* Release */,
			);
			defaultConfigurationIsVisible = 0;
			defaultConfigurationName = Release;
		};
		A2DA330E238210B7002A518E /* Build configuration list for PBXNativeTarget "The Game Safe" */ = {
			isa = XCConfigurationList;
			buildConfigurations = (
				A2DA330F238210B7002A518E /* Debug */,
				A2DA3310238210B7002A518E /* Release */,
			);
			defaultConfigurationIsVisible = 0;
			defaultConfigurationName = Release;
		};
/* End XCConfigurationList section */
	};
	rootObject = A2DA32F2238210B6002A518E /* Project object */;
}
